
Microsoft Visual Studio Solution File, Format Version 11.00
# Visual Studio 2010
# SharpDevelop 5.1
Project("{FAE04EC0-301F-11D3-BF4B-00C04F79EFBC}") = "trabalho final", "trabalho final\trabalho final.csproj", "{1D32D6DD-B428-414B-8A2E-824C7252DB2C}"
EndProject
Global
	GlobalSection(SolutionConfigurationPlatforms) = preSolution
		Debug|Any CPU = Debug|Any CPU
		Release|Any CPU = Release|Any CPU
	EndGlobalSection
	GlobalSection(ProjectConfigurationPlatforms) = postSolution
		{1D32D6DD-B428-414B-8A2E-824C7252DB2C}.Debug|Any CPU.ActiveCfg = Debug|Any CPU
		{1D32D6DD-B428-414B-8A2E-824C7252DB2C}.Debug|Any CPU.Build.0 = Debug|Any CPU
		{1D32D6DD-B428-414B-8A2E-824C7252DB2C}.Release|Any CPU.ActiveCfg = Release|Any CPU
		{1D32D6DD-B428-414B-8A2E-824C7252DB2C}.Release|Any CPU.Build.0 = Release|Any CPU
	EndGlobalSection
EndGlobal
